
Microsoft Visual Studio Solution File, Format Version 12.00
# Visual Studio Version 17
VisualStudioVersion = 17.8.34525.116
MinimumVisualStudioVersion = 10.0.40219.1
Project("{FAE04EC0-301F-11D3-BF4B-00C04F79EFBC}") = "BaseballGames", "BaseballGames.csproj", "{435A6A97-B9E8-49D6-B39A-3BB96AD7FA6C}"
EndProject
Global
	GlobalSection(SolutionConfigurationPlatforms) = preSolution
		Debug|Any CPU = Debug|Any CPU
		Release|Any CPU = Release|Any CPU
	EndGlobalSection
	GlobalSection(ProjectConfigurationPlatforms) = postSolution
		{435A6A97-B9E8-49D6-B39A-3BB96AD7FA6C}.Debug|Any CPU.ActiveCfg = Debug|Any CPU
		{435A6A97-B9E8-49D6-B39A-3BB96AD7FA6C}.Debug|Any CPU.Build.0 = Debug|Any CPU
		{435A6A97-B9E8-49D6-B39A-3BB96AD7FA6C}.Release|Any CPU.ActiveCfg = Release|Any CPU
		{435A6A97-B9E8-49D6-B39A-3BB96AD7FA6C}.Release|Any CPU.Build.0 = Release|Any CPU
	EndGlobalSection
	GlobalSection(SolutionProperties) = preSolution
		HideSolutionNode = FALSE
	EndGlobalSection
	GlobalSection(ExtensibilityGlobals) = postSolution
		SolutionGuid = {F4DD987B-48A6-47CB-ADE2-0D20A3D5DBF6}
	EndGlobalSection
EndGlobal
